{
  "name": "unraid-codex-media-issue-agent",
  "version": "0.1.0",
  "lockfileVersion": 3,
  "requires": true,
  "packages": {
    "": {
      "name": "unraid-codex-media-issue-agent",
      "version": "0.1.0",
      "bin": {
        "media-issue-agent": "src/cli.js"
      },
      "engines": {
        "node": ">=22"
      }
    }
  }
}
